
Microsoft Visual Studio Solution File, Format Version 12.00
# Visual Studio Version 17
VisualStudioVersion = 17.9.34701.34
MinimumVisualStudioVersion = 10.0.40219.1
Project("{FAE04EC0-301F-11D3-BF4B-00C04F79EFBC}") = "AFPAS", "AFPAS.csproj", "{30E535B7-F3E0-406A-AF94-F7CA7B2754B5}"
EndProject
Global
	GlobalSection(SolutionConfigurationPlatforms) = preSolution
		Debug|Any CPU = Debug|Any CPU
		Release|Any CPU = Release|Any CPU
	EndGlobalSection
	GlobalSection(ProjectConfigurationPlatforms) = postSolution
		{30E535B7-F3E0-406A-AF94-F7CA7B2754B5}.Debug|Any CPU.ActiveCfg = Debug|Any CPU
		{30E535B7-F3E0-406A-AF94-F7CA7B2754B5}.Debug|Any CPU.Build.0 = Debug|Any CPU
		{30E535B7-F3E0-406A-AF94-F7CA7B2754B5}.Release|Any CPU.ActiveCfg = Release|Any CPU
		{30E535B7-F3E0-406A-AF94-F7CA7B2754B5}.Release|Any CPU.Build.0 = Release|Any CPU
	EndGlobalSection
	GlobalSection(SolutionProperties) = preSolution
		HideSolutionNode = FALSE
	EndGlobalSection
	GlobalSection(ExtensibilityGlobals) = postSolution
		SolutionGuid = {27EA6EB9-271F-4753-9CDF-E739A95D6381}
	EndGlobalSection
EndGlobal
